
Microsoft Visual Studio Solution File, Format Version 12.00
# Visual Studio Version 18
VisualStudioVersion = 18.0.11104.47
MinimumVisualStudioVersion = 10.0.40219.1
Project("{9A19103F-16F7-4668-BE54-9A1E7A4F7556}") = "EQX.InOut", "EQX.InOut\EQX.InOut.csproj", "{BF180FF5-AE65-4E63-AD92-2BBF3A6B5455}"
EndProject
Project("{9A19103F-16F7-4668-BE54-9A1E7A4F7556}") = "SimulationInputWindow", "SimulationInputWindow\SimulationInputWindow.csproj", "{E42A22E3-2E60-49B8-9C53-A6E92E7E109C}"
EndProject
Project("{9A19103F-16F7-4668-BE54-9A1E7A4F7556}") = "EQX.Core", "..\EQX.Core\EQX.Core\EQX.Core.csproj", "{EB83E257-F21F-4DBF-BEF6-8B27F290D206}"
EndProject
Project("{FAE04EC0-301F-11D3-BF4B-00C04F79EFBC}") = "EQX.InOut.ConsoleTest", "EQX.InOut.ConsoleTest\EQX.InOut.ConsoleTest.csproj", "{EE2E1B2A-1DBD-4380-A933-8A9ADD2C6DE1}"
EndProject
Project("{FAE04EC0-301F-11D3-BF4B-00C04F79EFBC}") = "EQX.InOut.Test", "EQX.InOut.Test\EQX.InOut.Test.csproj", "{3132B25C-13D6-463F-A22B-2BD097A8AA12}"
EndProject
Project("{FAE04EC0-301F-11D3-BF4B-00C04F79EFBC}") = "PIDetachSimulationInputWindow", "PIDetachSimulationInputWindow\PIDetachSimulationInputWindow.csproj", "{36154A0C-39A0-FC2E-B83C-8ECEC71BADC2}"
EndProject
Project("{FAE04EC0-301F-11D3-BF4B-00C04F79EFBC}") = "PIFilmFlagSimulationWindow", "PIFilmFlagSimulationWindow\PIFilmFlagSimulationWindow.csproj", "{A0B9C52F-1531-40F0-9EE0-7D7A7AA2A2F5}"
EndProject
Project("{FAE04EC0-301F-11D3-BF4B-00C04F79EFBC}") = "FrontCameraAssembleSimulationInput", "FrontCameraAssembleSimulationInput\FrontCameraAssembleSimulationInput.csproj", "{2D25E902-F2A5-3102-60CD-59DB6A9CA656}"
EndProject
Global
	GlobalSection(SolutionConfigurationPlatforms) = preSolution
		Debug|Any CPU = Debug|Any CPU
		Release|Any CPU = Release|Any CPU
		Simulation|Any CPU = Simulation|Any CPU
	EndGlobalSection
	GlobalSection(ProjectConfigurationPlatforms) = postSolution
		{BF180FF5-AE65-4E63-AD92-2BBF3A6B5455}.Debug|Any CPU.ActiveCfg = Debug|Any CPU
		{BF180FF5-AE65-4E63-AD92-2BBF3A6B5455}.Debug|Any CPU.Build.0 = Debug|Any CPU
		{BF180FF5-AE65-4E63-AD92-2BBF3A6B5455}.Release|Any CPU.ActiveCfg = Release|Any CPU
		{BF180FF5-AE65-4E63-AD92-2BBF3A6B5455}.Release|Any CPU.Build.0 = Release|Any CPU
		{BF180FF5-AE65-4E63-AD92-2BBF3A6B5455}.Simulation|Any CPU.ActiveCfg = Simulation|x64
		{BF180FF5-AE65-4E63-AD92-2BBF3A6B5455}.Simulation|Any CPU.Build.0 = Simulation|x64
		{E42A22E3-2E60-49B8-9C53-A6E92E7E109C}.Debug|Any CPU.ActiveCfg = Debug|Any CPU
		{E42A22E3-2E60-49B8-9C53-A6E92E7E109C}.Debug|Any CPU.Build.0 = Debug|Any CPU
		{E42A22E3-2E60-49B8-9C53-A6E92E7E109C}.Release|Any CPU.ActiveCfg = Release|Any CPU
		{E42A22E3-2E60-49B8-9C53-A6E92E7E109C}.Release|Any CPU.Build.0 = Release|Any CPU
		{E42A22E3-2E60-49B8-9C53-A6E92E7E109C}.Simulation|Any CPU.ActiveCfg = SIMULATION|Any CPU
		{E42A22E3-2E60-49B8-9C53-A6E92E7E109C}.Simulation|Any CPU.Build.0 = SIMULATION|Any CPU
		{EB83E257-F21F-4DBF-BEF6-8B27F290D206}.Debug|Any CPU.ActiveCfg = Debug|Any CPU
		{EB83E257-F21F-4DBF-BEF6-8B27F290D206}.Debug|Any CPU.Build.0 = Debug|Any CPU
		{EB83E257-F21F-4DBF-BEF6-8B27F290D206}.Release|Any CPU.ActiveCfg = Release|Any CPU
		{EB83E257-F21F-4DBF-BEF6-8B27F290D206}.Release|Any CPU.Build.0 = Release|Any CPU
		{EB83E257-F21F-4DBF-BEF6-8B27F290D206}.Simulation|Any CPU.ActiveCfg = Simulation|x64
		{EB83E257-F21F-4DBF-BEF6-8B27F290D206}.Simulation|Any CPU.Build.0 = Simulation|x64
		{EE2E1B2A-1DBD-4380-A933-8A9ADD2C6DE1}.Debug|Any CPU.ActiveCfg = Debug|Any CPU
		{EE2E1B2A-1DBD-4380-A933-8A9ADD2C6DE1}.Debug|Any CPU.Build.0 = Debug|Any CPU
		{EE2E1B2A-1DBD-4380-A933-8A9ADD2C6DE1}.Release|Any CPU.ActiveCfg = Release|Any CPU
		{EE2E1B2A-1DBD-4380-A933-8A9ADD2C6DE1}.Release|Any CPU.Build.0 = Release|Any CPU
		{EE2E1B2A-1DBD-4380-A933-8A9ADD2C6DE1}.Simulation|Any CPU.ActiveCfg = Release|Any CPU
		{EE2E1B2A-1DBD-4380-A933-8A9ADD2C6DE1}.Simulation|Any CPU.Build.0 = Release|Any CPU
		{3132B25C-13D6-463F-A22B-2BD097A8AA12}.Debug|Any CPU.ActiveCfg = Debug|Any CPU
		{3132B25C-13D6-463F-A22B-2BD097A8AA12}.Debug|Any CPU.Build.0 = Debug|Any CPU
		{3132B25C-13D6-463F-A22B-2BD097A8AA12}.Release|Any CPU.ActiveCfg = Release|Any CPU
		{3132B25C-13D6-463F-A22B-2BD097A8AA12}.Release|Any CPU.Build.0 = Release|Any CPU
		{3132B25C-13D6-463F-A22B-2BD097A8AA12}.Simulation|Any CPU.ActiveCfg = Release|Any CPU
		{3132B25C-13D6-463F-A22B-2BD097A8AA12}.Simulation|Any CPU.Build.0 = Release|Any CPU
		{36154A0C-39A0-FC2E-B83C-8ECEC71BADC2}.Debug|Any CPU.ActiveCfg = Debug|Any CPU
		{36154A0C-39A0-FC2E-B83C-8ECEC71BADC2}.Debug|Any CPU.Build.0 = Debug|Any CPU
		{36154A0C-39A0-FC2E-B83C-8ECEC71BADC2}.Release|Any CPU.ActiveCfg = Release|Any CPU
		{36154A0C-39A0-FC2E-B83C-8ECEC71BADC2}.Release|Any CPU.Build.0 = Release|Any CPU
		{36154A0C-39A0-FC2E-B83C-8ECEC71BADC2}.Simulation|Any CPU.ActiveCfg = Release|Any CPU
		{36154A0C-39A0-FC2E-B83C-8ECEC71BADC2}.Simulation|Any CPU.Build.0 = Release|Any CPU
		{A0B9C52F-1531-40F0-9EE0-7D7A7AA2A2F5}.Debug|Any CPU.ActiveCfg = Debug|Any CPU
		{A0B9C52F-1531-40F0-9EE0-7D7A7AA2A2F5}.Debug|Any CPU.Build.0 = Debug|Any CPU
		{A0B9C52F-1531-40F0-9EE0-7D7A7AA2A2F5}.Release|Any CPU.ActiveCfg = Release|Any CPU
		{A0B9C52F-1531-40F0-9EE0-7D7A7AA2A2F5}.Release|Any CPU.Build.0 = Release|Any CPU
		{A0B9C52F-1531-40F0-9EE0-7D7A7AA2A2F5}.Simulation|Any CPU.ActiveCfg = Release|Any CPU
		{A0B9C52F-1531-40F0-9EE0-7D7A7AA2A2F5}.Simulation|Any CPU.Build.0 = Release|Any CPU
		{2D25E902-F2A5-3102-60CD-59DB6A9CA656}.Debug|Any CPU.ActiveCfg = Debug|Any CPU
		{2D25E902-F2A5-3102-60CD-59DB6A9CA656}.Debug|Any CPU.Build.0 = Debug|Any CPU
		{2D25E902-F2A5-3102-60CD-59DB6A9CA656}.Release|Any CPU.ActiveCfg = Release|Any CPU
		{2D25E902-F2A5-3102-60CD-59DB6A9CA656}.Release|Any CPU.Build.0 = Release|Any CPU
		{2D25E902-F2A5-3102-60CD-59DB6A9CA656}.Simulation|Any CPU.ActiveCfg = Release|Any CPU
		{2D25E902-F2A5-3102-60CD-59DB6A9CA656}.Simulation|Any CPU.Build.0 = Release|Any CPU
	EndGlobalSection
	GlobalSection(SolutionProperties) = preSolution
		HideSolutionNode = FALSE
	EndGlobalSection
	GlobalSection(ExtensibilityGlobals) = postSolution
		SolutionGuid = {046ECD74-91CA-49AE-B99B-73B1A8B07C78}
	EndGlobalSection
EndGlobal
